
Microsoft Visual Studio Solution File, Format Version 12.00
# Visual Studio Version 16
VisualStudioVersion = 16.0.31624.102
MinimumVisualStudioVersion = 10.0.40219.1
Project("{FAE04EC0-301F-11D3-BF4B-00C04F79EFBC}") = "KataVectors", "KataVectors\KataVectors.csproj", "{B4A1CE70-43B8-47B8-BE5A-B680C23C90D4}"
EndProject
Project("{FAE04EC0-301F-11D3-BF4B-00C04F79EFBC}") = "TestProjectVectors", "TestProjectVectors\TestProjectVectors.csproj", "{C015DB7D-077C-4622-B9A1-3A01D3640F60}"
EndProject
Global
	GlobalSection(SolutionConfigurationPlatforms) = preSolution
		Debug|Any CPU = Debug|Any CPU
		Release|Any CPU = Release|Any CPU
	EndGlobalSection
	GlobalSection(ProjectConfigurationPlatforms) = postSolution
		{B4A1CE70-43B8-47B8-BE5A-B680C23C90D4}.Debug|Any CPU.ActiveCfg = Debug|Any CPU
		{B4A1CE70-43B8-47B8-BE5A-B680C23C90D4}.Debug|Any CPU.Build.0 = Debug|Any CPU
		{B4A1CE70-43B8-47B8-BE5A-B680C23C90D4}.Release|Any CPU.ActiveCfg = Release|Any CPU
		{B4A1CE70-43B8-47B8-BE5A-B680C23C90D4}.Release|Any CPU.Build.0 = Release|Any CPU
		{C015DB7D-077C-4622-B9A1-3A01D3640F60}.Debug|Any CPU.ActiveCfg = Debug|Any CPU
		{C015DB7D-077C-4622-B9A1-3A01D3640F60}.Debug|Any CPU.Build.0 = Debug|Any CPU
		{C015DB7D-077C-4622-B9A1-3A01D3640F60}.Release|Any CPU.ActiveCfg = Release|Any CPU
		{C015DB7D-077C-4622-B9A1-3A01D3640F60}.Release|Any CPU.Build.0 = Release|Any CPU
	EndGlobalSection
	GlobalSection(SolutionProperties) = preSolution
		HideSolutionNode = FALSE
	EndGlobalSection
	GlobalSection(ExtensibilityGlobals) = postSolution
		SolutionGuid = {77329E1A-7D45-4ACE-B900-2A20D44F9E22}
	EndGlobalSection
EndGlobal
